
Microsoft Visual Studio Solution File, Format Version 12.00
Project("{FAE04EC0-301F-11D3-BF4B-00C04F79EFBC}") = "ObsoleteAttributeExample", "ObsoleteAttributeExample\ObsoleteAttributeExample.csproj", "{723A4051-4E2D-400A-AEF2-E7112C9EBDBD}"
EndProject
Project("{FAE04EC0-301F-11D3-BF4B-00C04F79EFBC}") = "ObsoleteWithReflectorExample", "ObsoleteWithReflectorExample\ObsoleteWithReflectorExample.csproj", "{63618E4E-E531-4552-8CF8-FD140F333B71}"
EndProject
Project("{FAE04EC0-301F-11D3-BF4B-00C04F79EFBC}") = "AccessLevelAttributeExampleApp", "AccessLevelAttributeExampleApp\AccessLevelAttributeExampleApp.csproj", "{AD1288BE-C1F0-4C0B-B98C-899A9830DF64}"
EndProject
Global
	GlobalSection(SolutionConfigurationPlatforms) = preSolution
		Debug|Any CPU = Debug|Any CPU
		Release|Any CPU = Release|Any CPU
	EndGlobalSection
	GlobalSection(ProjectConfigurationPlatforms) = postSolution
		{723A4051-4E2D-400A-AEF2-E7112C9EBDBD}.Debug|Any CPU.ActiveCfg = Debug|Any CPU
		{723A4051-4E2D-400A-AEF2-E7112C9EBDBD}.Debug|Any CPU.Build.0 = Debug|Any CPU
		{723A4051-4E2D-400A-AEF2-E7112C9EBDBD}.Release|Any CPU.ActiveCfg = Release|Any CPU
		{723A4051-4E2D-400A-AEF2-E7112C9EBDBD}.Release|Any CPU.Build.0 = Release|Any CPU
		{63618E4E-E531-4552-8CF8-FD140F333B71}.Debug|Any CPU.ActiveCfg = Debug|Any CPU
		{63618E4E-E531-4552-8CF8-FD140F333B71}.Debug|Any CPU.Build.0 = Debug|Any CPU
		{63618E4E-E531-4552-8CF8-FD140F333B71}.Release|Any CPU.ActiveCfg = Release|Any CPU
		{63618E4E-E531-4552-8CF8-FD140F333B71}.Release|Any CPU.Build.0 = Release|Any CPU
		{AD1288BE-C1F0-4C0B-B98C-899A9830DF64}.Debug|Any CPU.ActiveCfg = Debug|Any CPU
		{AD1288BE-C1F0-4C0B-B98C-899A9830DF64}.Debug|Any CPU.Build.0 = Debug|Any CPU
		{AD1288BE-C1F0-4C0B-B98C-899A9830DF64}.Release|Any CPU.ActiveCfg = Release|Any CPU
		{AD1288BE-C1F0-4C0B-B98C-899A9830DF64}.Release|Any CPU.Build.0 = Release|Any CPU
	EndGlobalSection
EndGlobal
